
Microsoft Visual Studio Solution File, Format Version 12.00
# Visual Studio Version 16
VisualStudioVersion = 16.0.31727.386
MinimumVisualStudioVersion = 10.0.40219.1
Project("{FAE04EC0-301F-11D3-BF4B-00C04F79EFBC}") = "Labb3", "Labb3\Labb3.csproj", "{85E9E444-173A-4ADC-A158-899A2BEB1F95}"
EndProject
Global
	GlobalSection(SolutionConfigurationPlatforms) = preSolution
		Debug|Any CPU = Debug|Any CPU
		Release|Any CPU = Release|Any CPU
	EndGlobalSection
	GlobalSection(ProjectConfigurationPlatforms) = postSolution
		{85E9E444-173A-4ADC-A158-899A2BEB1F95}.Debug|Any CPU.ActiveCfg = Debug|Any CPU
		{85E9E444-173A-4ADC-A158-899A2BEB1F95}.Debug|Any CPU.Build.0 = Debug|Any CPU
		{85E9E444-173A-4ADC-A158-899A2BEB1F95}.Release|Any CPU.ActiveCfg = Release|Any CPU
		{85E9E444-173A-4ADC-A158-899A2BEB1F95}.Release|Any CPU.Build.0 = Release|Any CPU
	EndGlobalSection
	GlobalSection(SolutionProperties) = preSolution
		HideSolutionNode = FALSE
	EndGlobalSection
	GlobalSection(ExtensibilityGlobals) = postSolution
		SolutionGuid = {14A6CB7A-E22C-4A85-B995-2FCEEE4D4D34}
	EndGlobalSection
EndGlobal
